
Microsoft Visual Studio Solution File, Format Version 12.00
# Visual Studio Version 17
VisualStudioVersion = 17.9.34622.214
MinimumVisualStudioVersion = 10.0.40219.1
Project("{FAE04EC0-301F-11D3-BF4B-00C04F79EFBC}") = "MinesweeperSemester2", "MinesweeperSemester2\MinesweeperSemester2.csproj", "{14665F7E-602A-47C1-9F79-C981EE3ECBCC}"
EndProject
Global
	GlobalSection(SolutionConfigurationPlatforms) = preSolution
		Debug|Any CPU = Debug|Any CPU
		Release|Any CPU = Release|Any CPU
	EndGlobalSection
	GlobalSection(ProjectConfigurationPlatforms) = postSolution
		{14665F7E-602A-47C1-9F79-C981EE3ECBCC}.Debug|Any CPU.ActiveCfg = Debug|Any CPU
		{14665F7E-602A-47C1-9F79-C981EE3ECBCC}.Debug|Any CPU.Build.0 = Debug|Any CPU
		{14665F7E-602A-47C1-9F79-C981EE3ECBCC}.Release|Any CPU.ActiveCfg = Release|Any CPU
		{14665F7E-602A-47C1-9F79-C981EE3ECBCC}.Release|Any CPU.Build.0 = Release|Any CPU
	EndGlobalSection
	GlobalSection(SolutionProperties) = preSolution
		HideSolutionNode = FALSE
	EndGlobalSection
	GlobalSection(ExtensibilityGlobals) = postSolution
		SolutionGuid = {6D80F0B6-4B3B-48AB-9954-9ABC43581331}
	EndGlobalSection
EndGlobal
